
Microsoft Visual Studio Solution File, Format Version 12.00
# Visual Studio Version 17
VisualStudioVersion = 17.8.34330.188
MinimumVisualStudioVersion = 10.0.40219.1
Project("{FAE04EC0-301F-11D3-BF4B-00C04F79EFBC}") = "OOP_Test", "OOP_Test\OOP_Test.csproj", "{47BD5E0D-2C04-4855-B12F-FD38CE3712D8}"
EndProject
Global
	GlobalSection(SolutionConfigurationPlatforms) = preSolution
		Debug|Any CPU = Debug|Any CPU
		Release|Any CPU = Release|Any CPU
	EndGlobalSection
	GlobalSection(ProjectConfigurationPlatforms) = postSolution
		{47BD5E0D-2C04-4855-B12F-FD38CE3712D8}.Debug|Any CPU.ActiveCfg = Debug|Any CPU
		{47BD5E0D-2C04-4855-B12F-FD38CE3712D8}.Debug|Any CPU.Build.0 = Debug|Any CPU
		{47BD5E0D-2C04-4855-B12F-FD38CE3712D8}.Release|Any CPU.ActiveCfg = Release|Any CPU
		{47BD5E0D-2C04-4855-B12F-FD38CE3712D8}.Release|Any CPU.Build.0 = Release|Any CPU
	EndGlobalSection
	GlobalSection(SolutionProperties) = preSolution
		HideSolutionNode = FALSE
	EndGlobalSection
	GlobalSection(ExtensibilityGlobals) = postSolution
		SolutionGuid = {0728DE30-D333-49A5-B0DE-23D7A92477ED}
	EndGlobalSection
EndGlobal
