
Microsoft Visual Studio Solution File, Format Version 12.00
# Visual Studio Version 17
VisualStudioVersion = 17.8.34511.84
MinimumVisualStudioVersion = 10.0.40219.1
Project("{9A19103F-16F7-4668-BE54-9A1E7A4F7556}") = "AdoNet", "AdoNet\AdoNet.csproj", "{1277FE2D-B431-4510-B2FA-6D60E4A421DE}"
EndProject
Project("{FAE04EC0-301F-11D3-BF4B-00C04F79EFBC}") = "AdoNet2", "AdoNet2\AdoNet2.csproj", "{A7F349B0-5269-48E5-914B-C140615D8388}"
EndProject
Global
	GlobalSection(SolutionConfigurationPlatforms) = preSolution
		Debug|Any CPU = Debug|Any CPU
		Release|Any CPU = Release|Any CPU
	EndGlobalSection
	GlobalSection(ProjectConfigurationPlatforms) = postSolution
		{1277FE2D-B431-4510-B2FA-6D60E4A421DE}.Debug|Any CPU.ActiveCfg = Debug|Any CPU
		{1277FE2D-B431-4510-B2FA-6D60E4A421DE}.Debug|Any CPU.Build.0 = Debug|Any CPU
		{1277FE2D-B431-4510-B2FA-6D60E4A421DE}.Release|Any CPU.ActiveCfg = Release|Any CPU
		{1277FE2D-B431-4510-B2FA-6D60E4A421DE}.Release|Any CPU.Build.0 = Release|Any CPU
		{A7F349B0-5269-48E5-914B-C140615D8388}.Debug|Any CPU.ActiveCfg = Debug|Any CPU
		{A7F349B0-5269-48E5-914B-C140615D8388}.Debug|Any CPU.Build.0 = Debug|Any CPU
		{A7F349B0-5269-48E5-914B-C140615D8388}.Release|Any CPU.ActiveCfg = Release|Any CPU
		{A7F349B0-5269-48E5-914B-C140615D8388}.Release|Any CPU.Build.0 = Release|Any CPU
	EndGlobalSection
	GlobalSection(SolutionProperties) = preSolution
		HideSolutionNode = FALSE
	EndGlobalSection
	GlobalSection(ExtensibilityGlobals) = postSolution
		SolutionGuid = {F24EAD79-238C-4E48-9F6C-0FB51CB97E71}
	EndGlobalSection
EndGlobal
