
Microsoft Visual Studio Solution File, Format Version 12.00
# Visual Studio Version 17
VisualStudioVersion = 17.8.34511.84
MinimumVisualStudioVersion = 10.0.40219.1
Project("{FAE04EC0-301F-11D3-BF4B-00C04F79EFBC}") = "Ef_Core_LinqQ", "Ef_Core_LinqQ\Ef_Core_LinqQ.csproj", "{71C17679-E366-4C11-B741-BD441F8A3809}"
EndProject
Global
	GlobalSection(SolutionConfigurationPlatforms) = preSolution
		Debug|Any CPU = Debug|Any CPU
		Release|Any CPU = Release|Any CPU
	EndGlobalSection
	GlobalSection(ProjectConfigurationPlatforms) = postSolution
		{71C17679-E366-4C11-B741-BD441F8A3809}.Debug|Any CPU.ActiveCfg = Debug|Any CPU
		{71C17679-E366-4C11-B741-BD441F8A3809}.Debug|Any CPU.Build.0 = Debug|Any CPU
		{71C17679-E366-4C11-B741-BD441F8A3809}.Release|Any CPU.ActiveCfg = Release|Any CPU
		{71C17679-E366-4C11-B741-BD441F8A3809}.Release|Any CPU.Build.0 = Release|Any CPU
	EndGlobalSection
	GlobalSection(SolutionProperties) = preSolution
		HideSolutionNode = FALSE
	EndGlobalSection
	GlobalSection(ExtensibilityGlobals) = postSolution
		SolutionGuid = {7ACBCAC7-A8A8-4E3D-86A2-DBE18FAE69DE}
	EndGlobalSection
EndGlobal
